<?xml version="1.0" encoding="utf-8"?>
<Project ToolsVersion="4.0" xmlns="http://schemas.microsoft.com/developer/msbuild/2003">
  <ItemGroup>
    <ClCompile Include="Linking\include\imgui\backends\imgui_impl_glfw.cpp" />
    <ClCompile Include="Linking\include\imgui\backends\imgui_impl_opengl3.cpp" />
    <ClCompile Include="Linking\include\imgui\imgui.cpp" />
    <ClCompile Include="Linking\include\imgui\imgui_demo.cpp" />
    <ClCompile Include="Linking\include\imgui\imgui_draw.cpp" />
    <ClCompile Include="Linking\include\imgui\imgui_tables.cpp" />
    <ClCompile Include="Linking\include\imgui\imgui_widgets.cpp" />
    <ClCompile Include="src\Scene\Camera.cpp" />
    <ClCompile Include="src\glad.c" />
    <ClCompile Include="src\Gui\ImGuiLayer.cpp" />
    <ClCompile Include="src\Core\main.cpp" />
    <ClCompile Include="src\Renderer\Shader.cpp" />
    <ClCompile Include="src\Core\Window.cpp" />
    <ClCompile Include="src\Renderer\Buffers.ixx" />
    <ClCompile Include="src\Renderer\Buffers.cpp" />
    <ClCompile Include="src\Core\Layer.cpp" />
    <ClCompile Include="src\DataStructures\DataStructures.ixx" />
    <ClCompile Include="src\DataStructures\Octree.ixx" />
    <ClCompile Include="src\Renderer\Shader.ixx" />
    <ClCompile Include="src\Scene\ViewPortLayer.ixx" />
    <ClCompile Include="src\Patterns\Observer.ixx" />
    <ClCompile Include="src\Renderer\Renderer.cpp" />
    <ClCompile Include="src\TrianglePP\tpp_assert.cpp" />
    <ClCompile Include="src\TrianglePP\tpp_impl.cpp" />
    <ClCompile Include="Linking\include\tiff\tif_aux.c" />
    <ClCompile Include="Linking\include\tiff\tif_close.c" />
    <ClCompile Include="Linking\include\tiff\tif_codec.c" />
    <ClCompile Include="Linking\include\tiff\tif_color.c" />
    <ClCompile Include="Linking\include\tiff\tif_compress.c" />
    <ClCompile Include="Linking\include\tiff\tif_dir.c" />
    <ClCompile Include="Linking\include\tiff\tif_dirinfo.c" />
    <ClCompile Include="Linking\include\tiff\tif_dirread.c" />
    <ClCompile Include="Linking\include\tiff\tif_dirwrite.c" />
    <ClCompile Include="Linking\include\tiff\tif_dumpmode.c" />
    <ClCompile Include="Linking\include\tiff\tif_error.c" />
    <ClCompile Include="Linking\include\tiff\tif_extension.c" />
    <ClCompile Include="Linking\include\tiff\tif_fax3.c" />
    <ClCompile Include="Linking\include\tiff\tif_fax3sm.c" />
    <ClCompile Include="Linking\include\tiff\tif_flush.c" />
    <ClCompile Include="Linking\include\tiff\tif_getimage.c" />
    <ClCompile Include="Linking\include\tiff\tif_hash_set.c" />
    <ClCompile Include="Linking\include\tiff\tif_jbig.c" />
    <ClCompile Include="Linking\include\tiff\tif_jpeg.c" />
    <ClCompile Include="Linking\include\tiff\tif_jpeg_12.c" />
    <ClCompile Include="Linking\include\tiff\tif_lerc.c" />
    <ClCompile Include="Linking\include\tiff\tif_luv.c" />
    <ClCompile Include="Linking\include\tiff\tif_lzma.c" />
    <ClCompile Include="Linking\include\tiff\tif_lzw.c" />
    <ClCompile Include="Linking\include\tiff\tif_next.c" />
    <ClCompile Include="Linking\include\tiff\tif_ojpeg.c" />
    <ClCompile Include="Linking\include\tiff\tif_open.c" />
    <ClCompile Include="Linking\include\tiff\tif_packbits.c" />
    <ClCompile Include="Linking\include\tiff\tif_pixarlog.c" />
    <ClCompile Include="Linking\include\tiff\tif_predict.c" />
    <ClCompile Include="Linking\include\tiff\tif_print.c" />
    <ClCompile Include="Linking\include\tiff\tif_read.c" />
    <ClCompile Include="Linking\include\tiff\tif_stream.cxx" />
    <ClCompile Include="Linking\include\tiff\tif_strip.c" />
    <ClCompile Include="Linking\include\tiff\tif_swab.c" />
    <ClCompile Include="Linking\include\tiff\tif_thunder.c" />
    <ClCompile Include="Linking\include\tiff\tif_tile.c" />
    <ClCompile Include="Linking\include\tiff\tif_version.c" />
    <ClCompile Include="Linking\include\tiff\tif_warning.c" />
    <ClCompile Include="Linking\include\tiff\tif_webp.c" />
    <ClCompile Include="Linking\include\tiff\tif_win32.c" />
    <ClCompile Include="Linking\include\tiff\tif_write.c" />
    <ClCompile Include="Linking\include\tiff\tif_zip.c" />
    <ClCompile Include="Linking\include\tiff\tif_zstd.c" />
  </ItemGroup>
  <ItemGroup>
    <ClInclude Include="Linking\include\glad\glad.h" />
    <ClInclude Include="Linking\include\GLFW\glfw3.h" />
    <ClInclude Include="Linking\include\GLFW\glfw3native.h" />
    <ClInclude Include="Linking\include\imgui\backends\imgui_impl_glfw.h" />
    <ClInclude Include="Linking\include\imgui\backends\imgui_impl_opengl3.h" />
    <ClInclude Include="Linking\include\imgui\imconfig.h" />
    <ClInclude Include="Linking\include\imgui\imgui.h" />
    <ClInclude Include="Linking\include\imgui\imgui_internal.h" />
    <ClInclude Include="Linking\include\imgui\imstb_rectpack.h" />
    <ClInclude Include="Linking\include\imgui\imstb_textedit.h" />
    <ClInclude Include="Linking\include\imgui\imstb_truetype.h" />
    <ClInclude Include="Linking\include\KHR\khrplatform.h" />
    <ClInclude Include="src\AABBBoundingRegion.h" />
    <ClInclude Include="src\Core\Application.h" />
    <ClInclude Include="src\Ray.h" />
    <ClInclude Include="src\Core\Window.h" />
    <ClInclude Include="src\Core\Input.h" />
    <ClInclude Include="src\Renderer\Renderer.h" />
    <ClInclude Include="src\Renderer\VertexDataStructs.h" />
    <ClInclude Include="Linking\include\CDT\CDT.h" />
    <ClInclude Include="Linking\include\CDT\CDT.hpp" />
    <ClInclude Include="Linking\include\CDT\CDTUtils.h" />
    <ClInclude Include="Linking\include\CDT\CDTUtils.hpp" />
    <ClInclude Include="Linking\include\CDT\KDTree.h" />
    <ClInclude Include="Linking\include\CDT\LocatorKDTree.h" />
    <ClInclude Include="Linking\include\CDT\portable_nth_element.hpp" />
    <ClInclude Include="Linking\include\CDT\predicates.h" />
    <ClInclude Include="Linking\include\CDT\remove_at.hpp" />
    <ClInclude Include="Linking\include\CDT\Triangulation.h" />
    <ClInclude Include="Linking\include\CDT\Triangulation.hpp" />
    <ClInclude Include="src\DataStructures\HalfEdge.h" />
    <ClInclude Include="src\glm_overrides.h" />
    <ClInclude Include="src\Material.h" />
    <ClInclude Include="src\Mesh.h" />
    <ClInclude Include="src\Patterns\Command.h" />
    <ClInclude Include="src\Scene\SceneViewsHandler.h" />
    <ClInclude Include="src\Commands\AddPlaneCommand.h" />
    <ClInclude Include="src\SceneManager.h" />
    <ClInclude Include="src\GeometryAlgorithms\PolygonTriangulator.h" />
    <ClInclude Include="src\GeometryAlgorithms\NgonPlanarTriangulator.h" />
    <ClInclude Include="src\GeometryAlgorithms\TriangleTriangulator.h" />
    <ClInclude Include="src\Patterns\Observer.h" />
    <ClInclude Include="src\Callbacks\Callback.h" />
    <ClInclude Include="src\ViewPortsHolder.h" />
    <ClInclude Include="src\Callbacks\AddPlaneCallback.h" />
    <ClInclude Include="src\Gui\AdditionLayer.h" />
    <ClInclude Include="src\Commands\CommandRegistry.h" />
    <ClInclude Include="src\Commands\SelectMeshCommand.h" />
    <ClInclude Include="src\Gui\ToolBarLayer.h" />
    <ClInclude Include="src\Callbacks\ToolBarLayerCallBack.h" />
    <ClInclude Include="src\Callbacks\SelectMeshCallBack.h" />
    <ClInclude Include="src\Commands\DeselectMeshCommand.h" />
    <ClInclude Include="src\Callbacks\DeselectMeshCallBack.h" />
    <ClInclude Include="src\Commands\SelectFaceCommand.h" />
    <ClInclude Include="src\Renderer\Framebuffer.h" />
    <ClInclude Include="src\Commands\SelectVertexCommand.h" />
    <ClInclude Include="src\Commands\BasicSculptToolCommand.h" />
    <ClInclude Include="src\Commands\TransformMeshCommand.h" />
    <ClInclude Include="src\BaseImporter.h" />
    <ClInclude Include="src\BaseExporter.h" />
    <ClInclude Include="src\OBJExporter.h" />
    <ClInclude Include="src\OBJImporter.h" />
    <ClInclude Include="src\Callbacks\ImportMeshesCallback.h" />
    <ClInclude Include="src\WindowsFileDialogs.h" />
    <ClInclude Include="src\Gui\ImportExportLayer.h" />
    <ClInclude Include="src\Commands\ImportMeshesCommand.h" />
    <ClInclude Include="src\Commands\ExportMeshesCommand.h" />
    <ClInclude Include="src\Callbacks\ExportMeshesCallback.h" />
    <ClInclude Include="src\Scene\EditorSettings.h" />
    <ClInclude Include="src\Events\MouseEvent.h" />
    <ClInclude Include="src\Events\Event.h" />
    <ClInclude Include="src\Events\KeyEvent.h" />
    <ClInclude Include="src\Events\WindowEvent.h" />
    <ClInclude Include="src\Events\EventSystem.h" />
    <ClInclude Include="src\Core\Layer.h" />
    <ClInclude Include="src\Gui\ImGuiLayer.h" />
    <ClInclude Include="src\PolygonOperations.h" />
    <ClInclude Include="src\PolygonTraits.h" />
    <ClInclude Include="src\VectorOperations.h" />
    <ClInclude Include="src\NumberUtils.h" />
    <ClInclude Include="src\Scene\Camera.h" />
    <ClInclude Include="src\Scene\ViewPortLayerRenderSettings.h" />
    <ClInclude Include="src\Commands\CmdProperties\CmdProperties.h" />
    <ClInclude Include="src\Commands\VertexModeChangeCommand.h" />
    <ClInclude Include="src\Scene\ViewPortLayerScreenSettings.h" />
    <ClInclude Include="src\Scene\SceneRendererData.h" />
    <ClInclude Include="src\Scene\Scene.h" />
    <ClInclude Include="src\Callbacks\SelectFaceCallBack.h" />
    <ClInclude Include="src\FunctionComposer.h" />
    <ClInclude Include="src\Callables\InitMeshVaoDataCallable.h" />
    <ClInclude Include="src\Callables\GenPlaneVertexDataCallable.h" />
    <ClInclude Include="src\Callables\Callable.h" />
    <ClInclude Include="src\Callables\AddMeshIntoSceneCallable.h" />
    <ClInclude Include="src\Callables\RetClosestOctreeDataCallable.h" />
    <ClInclude Include="src\DataStructures\Octree.h" />
    <ClInclude Include="src\ObjectSelectionHolder.h" />
    <ClInclude Include="src\MeshSelectionManager.h" />
    <ClInclude Include="src\FaceSelectionManager.h" />
    <ClInclude Include="src\Callbacks\DeselectFaceCallBack.h" />
    <ClInclude Include="src\Commands\DeselectFaceCommand.h" />
    <ClInclude Include="src\Callbacks\DeleteSelectedMeshesCallBack.h" />
    <ClInclude Include="src\Callbacks\DeleteSelectedFacesCallBack.h" />
    <ClInclude Include="Linking\include\TPP\dpoint.hpp" />
    <ClInclude Include="Linking\include\TPP\tpp_assert.hpp" />
    <ClInclude Include="Linking\include\TPP\tpp_delaunay.hpp" />
    <ClInclude Include="Linking\include\TPP\tpp_export.h" />
    <ClInclude Include="Linking\include\TPP\tpp_interface.hpp" />
    <ClInclude Include="Linking\include\TPP\tpp_iterators.hpp" />
    <ClInclude Include="Linking\include\TPP\tpp_trace.hpp" />
    <ClInclude Include="Linking\include\TPP\tpp_triangle_macros.hpp" />
    <ClInclude Include="Linking\include\TPP\tpp_triangulation_mesh.hpp" />
    <ClInclude Include="Linking\include\TPP\triangle.h" />
    <ClInclude Include="Linking\include\TPP\triangle_impl.hpp" />
    <ClInclude Include="src\DelaunayTest.h" />
    <ClInclude Include="src\TrianglePP\dpoint.hpp" />
    <ClInclude Include="src\TrianglePP\tpp_assert.hpp" />
    <ClInclude Include="src\TrianglePP\tpp_delaunay.hpp" />
    <ClInclude Include="src\TrianglePP\tpp_export.h" />
    <ClInclude Include="src\TrianglePP\tpp_interface.hpp" />
    <ClInclude Include="src\TrianglePP\tpp_iterators.hpp" />
    <ClInclude Include="src\TrianglePP\tpp_trace.hpp" />
    <ClInclude Include="src\TrianglePP\tpp_triangle_macros.hpp" />
    <ClInclude Include="src\TrianglePP\tpp_triangulation_mesh.hpp" />
    <ClInclude Include="src\TrianglePP\triangle.h" />
    <ClInclude Include="src\TrianglePP\triangle_impl.hpp" />
    <ClInclude Include="src\ProjectionUtils.h" />
    <ClInclude Include="src\Triangulator.h" />
    <ClInclude Include="src\ConversionUtils.h" />
    <ClInclude Include="src\DeleteFaceTester.h" />
    <ClInclude Include="src\Commands\DeleteSelectedFacesCommand.h" />
    <ClInclude Include="src\Gui\RemovalLayer.h" />
    <ClInclude Include="src\Commands\DeleteSelectedMeshesCommand.h" />
    <ClInclude Include="Linking\include\tiff\t4.h" />
    <ClInclude Include="Linking\include\tiff\tif_dir.h" />
    <ClInclude Include="Linking\include\tiff\tif_fax3.h" />
    <ClInclude Include="Linking\include\tiff\tif_hash_set.h" />
    <ClInclude Include="Linking\include\tiff\tif_predict.h" />
    <ClInclude Include="Linking\include\tiff\tiff.h" />
    <ClInclude Include="Linking\include\tiff\tiffio.h" />
    <ClInclude Include="Linking\include\tiff\tiffio.hxx" />
    <ClInclude Include="Linking\include\tiff\tiffiop.h" />
    <ClInclude Include="Linking\include\tiff\uvcode.h" />
    <ClInclude Include="Linking\include\tiff\tif_config.h" />
    <ClInclude Include="Linking\include\tiff\tiffconf.h" />
    <ClInclude Include="Linking\include\tiff\tiffvers.h" />
    <ClInclude Include="Linking\include\tiff\libport.h" />
    <ClInclude Include="Linking\include\tiff\libport_config.h" />
    <ClInclude Include="src\MeshFromHeightMapTest.h" />
    <ClInclude Include="src\TiffGrayscaleMapLoader.h" />
    <ClInclude Include="src\CurlFileFetcher.h" />
    <ClInclude Include="src\Callbacks\FetchSurfaceCallBack.h" />
    <ClInclude Include="src\Callables\GenFetchedSurfaceVertexDataCallable.h" />
    <ClInclude Include="src\Commands\FetchSurfaceCommand.h" />
  </ItemGroup>
  <ItemGroup>
    <Library Include="Linking\lib\GLFW\glfw3.lib" />
    <Library Include="Linking\lib\GLFW\glfw3dll.lib" />
    <Library Include="Linking\lib\GLFW\glfw3_mt.lib" />
    <Library Include="Linking\lib\curl\libcurl_a.lib" />
    <Library Include="Linking\lib\tiff\tiff.lib" />
  </ItemGroup>
  <ItemGroup>
    <None Include="glfw3.dll" />
    <None Include="src\Renderer\shader.frag" />
    <None Include="src\Renderer\shader.vert" />
    <None Include="src\Renderer\shader.geom" />
    <None Include="src\Renderer\meshShader.vert" />
    <None Include="src\Renderer\meshShader.geom" />
    <None Include="src\Renderer\meshShader.frag" />
    <None Include="src\Renderer\normals.frag" />
    <None Include="src\Renderer\normals.geom" />
    <None Include="src\Renderer\linesShader.vert" />
    <None Include="src\Renderer\linesShader.geom" />
    <None Include="src\Renderer\linesShader.frag" />
    <None Include="src\Renderer\outlining.frag" />
    <None Include="src\Renderer\outlining.vert" />
    <None Include="src\Renderer\singleColor.vert" />
    <None Include="src\Renderer\singleColor.frag" />
    <None Include="src\Renderer\dilate.frag" />
    <None Include="src\Renderer\quad.vert" />
    <None Include="src\Renderer\blit.frag" />
    <None Include="src\Renderer\pointsShader.vert" />
    <None Include="src\Renderer\pointsShader.frag" />
    <None Include="src\Renderer\fragColTest.frag" />
    <None Include="src\Renderer\normals.vert" />
  </ItemGroup>
</Project>