<?xml version="1.0" encoding="utf-8"?>
<Project ToolsVersion="4.0" xmlns="http://schemas.microsoft.com/developer/msbuild/2003">
  <ItemGroup>
    <ClCompile Include="Linking\include\imgui\backends\imgui_impl_glfw.cpp" />
    <ClCompile Include="Linking\include\imgui\backends\imgui_impl_opengl3.cpp" />
    <ClCompile Include="Linking\include\imgui\imgui.cpp" />
    <ClCompile Include="Linking\include\imgui\imgui_demo.cpp" />
    <ClCompile Include="Linking\include\imgui\imgui_draw.cpp" />
    <ClCompile Include="Linking\include\imgui\imgui_tables.cpp" />
    <ClCompile Include="Linking\include\imgui\imgui_widgets.cpp" />
    <ClCompile Include="src\Scene\Camera.cpp" />
    <ClCompile Include="src\glad.c" />
    <ClCompile Include="src\Gui\ImGuiLayer.cpp" />
    <ClCompile Include="src\Events\Keyboard.cpp" />
    <ClCompile Include="src\Core\main.cpp" />
    <ClCompile Include="src\Events\Mouse.cpp" />
    <ClCompile Include="src\Renderer\Shader.cpp" />
    <ClCompile Include="src\Core\Window.cpp" />
    <ClCompile Include="src\Renderer\Buffers.ixx" />
    <ClCompile Include="src\Renderer\Buffers.cpp" />
    <ClCompile Include="src\Events\EventSystem.ixx" />
    <ClCompile Include="src\Core\Layer.ixx" />
    <ClCompile Include="src\Core\Layer.cpp" />
    <ClCompile Include="src\DataStructures\DataStructures.ixx" />
    <ClCompile Include="src\DataStructures\Octree.ixx" />
    <ClCompile Include="src\Events\KeyEvent.ixx" />
    <ClCompile Include="src\Events\Event.ixx" />
    <ClCompile Include="src\Events\MouseEvent.ixx" />
    <ClCompile Include="src\Events\WindowEvent.ixx" />
    <ClCompile Include="src\Core\LayerSystem.ixx" />
    <ClCompile Include="src\Gui\ImGuiLayer.ixx" />
    <ClCompile Include="src\Renderer\Shader.ixx" />
    <ClCompile Include="src\Scene\ViewPortLayer.ixx" />
    <ClCompile Include="src\Scene\Scene.ixx" />
    <ClCompile Include="src\Patterns\Observer.ixx" />
    <ClCompile Include="src\Patterns\Observers.ixx" />
    <ClCompile Include="src\primitives\Geometry.ixx" />
    <ClCompile Include="src\primitives\Primitive.ixx" />
    <ClCompile Include="src\primitives\Cube.ixx" />
    <ClCompile Include="src\Renderer\Renderer.cpp" />
    <ClCompile Include="src\Scene\Camera.ixx" />
    <ClCompile Include="src\WindowsPlatformUtils.cpp" />
  </ItemGroup>
  <ItemGroup>
    <ClInclude Include="Linking\include\glad\glad.h" />
    <ClInclude Include="Linking\include\GLFW\glfw3.h" />
    <ClInclude Include="Linking\include\GLFW\glfw3native.h" />
    <ClInclude Include="Linking\include\imgui\backends\imgui_impl_glfw.h" />
    <ClInclude Include="Linking\include\imgui\backends\imgui_impl_opengl3.h" />
    <ClInclude Include="Linking\include\imgui\imconfig.h" />
    <ClInclude Include="Linking\include\imgui\imgui.h" />
    <ClInclude Include="Linking\include\imgui\imgui_internal.h" />
    <ClInclude Include="Linking\include\imgui\imstb_rectpack.h" />
    <ClInclude Include="Linking\include\imgui\imstb_textedit.h" />
    <ClInclude Include="Linking\include\imgui\imstb_truetype.h" />
    <ClInclude Include="Linking\include\KHR\khrplatform.h" />
    <ClInclude Include="src\AABBBoundingRegion.h" />
    <ClInclude Include="src\Core\Application.h" />
    <ClInclude Include="src\Events\Keyboard.h" />
    <ClInclude Include="src\Events\Mouse.h" />
    <ClInclude Include="src\Ray.h" />
    <ClInclude Include="src\TriangleData.h" />
    <ClInclude Include="src\Core\Window.h" />
    <ClInclude Include="src\Core\Input.h" />
    <ClInclude Include="src\Geometry\Triangle.h" />
    <ClInclude Include="src\Geometry\Mesh2.h" />
    <ClInclude Include="src\Renderer\Renderer.h" />
    <ClInclude Include="src\Renderer\VertexDataStructs.h" />
    <ClInclude Include="Linking\include\CDT\CDT.h" />
    <ClInclude Include="Linking\include\CDT\CDT.hpp" />
    <ClInclude Include="Linking\include\CDT\CDTUtils.h" />
    <ClInclude Include="Linking\include\CDT\CDTUtils.hpp" />
    <ClInclude Include="Linking\include\CDT\KDTree.h" />
    <ClInclude Include="Linking\include\CDT\LocatorKDTree.h" />
    <ClInclude Include="Linking\include\CDT\portable_nth_element.hpp" />
    <ClInclude Include="Linking\include\CDT\predicates.h" />
    <ClInclude Include="Linking\include\CDT\remove_at.hpp" />
    <ClInclude Include="Linking\include\CDT\Triangulation.h" />
    <ClInclude Include="Linking\include\CDT\Triangulation.hpp" />
    <ClInclude Include="src\DataStructures\HalfEdge.h" />
    <ClInclude Include="src\glm_comparisons.h" />
    <ClInclude Include="src\Material.h" />
    <ClInclude Include="src\MeshSelectionsManager.h" />
    <ClInclude Include="src\Mesh.h" />
    <ClInclude Include="src\RayIntersectionAlg.h" />
    <ClInclude Include="src\ProjectionTest.h" />
    <ClInclude Include="src\HalfEdgePosition.h" />
    <ClInclude Include="src\Patterns\Command.h" />
    <ClInclude Include="src\Scene\SceneViewsHandler.h" />
    <ClInclude Include="src\Commands\AddPlaneCommand.h" />
    <ClInclude Include="src\primitives2\Primitive.h" />
    <ClInclude Include="src\SceneManager.h" />
    <ClInclude Include="src\GeometryAlgorithms\PolygonTriangulator.h" />
    <ClInclude Include="src\GeometryAlgorithms\NgonPlanarTriangulator.h" />
    <ClInclude Include="src\GeometryAlgorithms\TriangleTriangulator.h" />
    <ClInclude Include="src\Patterns\Observer.h" />
    <ClInclude Include="src\Callbacks\Callback.h" />
    <ClInclude Include="src\ViewPortHolder.h" />
    <ClInclude Include="src\Callbacks\AddPlaneCallback.h" />
    <ClInclude Include="src\Gui\AdditionLayer.h" />
    <ClInclude Include="src\Commands\CommandRegistry.h" />
    <ClInclude Include="src\Commands\SelectMeshCommand.h" />
    <ClInclude Include="src\Gui\ToolBarLayer.h" />
    <ClInclude Include="src\Callbacks\ToolBarLayerCallBack.h" />
    <ClInclude Include="src\Callbacks\SelectionCallBacks\SelectMeshCallBack.h" />
    <ClInclude Include="src\ShortcutRegistry.h" />
    <ClInclude Include="src\Commands\DeselectMeshCommand.h" />
    <ClInclude Include="src\Callbacks\DeselectMeshCallBack.h" />
    <ClInclude Include="src\Commands\SelectFaceCommand.h" />
    <ClInclude Include="src\Callbacks\SelectionCallBacks\SelectFaceCallBack.h" />
    <ClInclude Include="src\Renderer\Framebuffer.h" />
    <ClInclude Include="src\Commands\SelectVertexCommand.h" />
    <ClInclude Include="src\Callbacks\SelectionCallBacks\SelectVertexCallBack.h" />
    <ClInclude Include="src\Callbacks\SelectionCallBacks\FacesDataTransfer.h" />
    <ClInclude Include="src\Callbacks\VertexModeChangeCallBack.h" />
    <ClInclude Include="src\Commands\BasicSculptToolCommand.h" />
    <ClInclude Include="src\Gui\TransformLayer.h" />
    <ClInclude Include="src\Callbacks\ObjectTransformCallBack.h" />
    <ClInclude Include="src\Commands\ObjectTransformationCommand.h" />
    <ClInclude Include="src\Callbacks\TransformLayerCallBacks\TransformAddPlaneCallBack.h" />
    <ClInclude Include="src\Callbacks\TransformLayerCallBacks\TransformSelectMeshCallBack.h" />
    <ClInclude Include="src\Commands\TransformMeshCommand.h" />
    <ClInclude Include="src\Callbacks\TransformMeshCallBack.h" />
    <ClInclude Include="src\BaseImporter.h" />
    <ClInclude Include="src\BaseExporter.h" />
    <ClInclude Include="src\OBJExporter.h" />
    <ClInclude Include="src\OBJImporter.h" />
    <ClInclude Include="src\Callbacks\ImportMeshesCallBack.h" />
    <ClInclude Include="src\WindowsFileDialogs.h" />
    <ClInclude Include="src\Gui\ImportExportLayer.h" />
    <ClInclude Include="src\Commands\ImportMeshesCommand.h" />
    <ClInclude Include="src\Commands\ExportMeshesCommand.h" />
    <ClInclude Include="src\Callbacks\ExportMeshesCallBack.h" />
  </ItemGroup>
  <ItemGroup>
    <Library Include="Linking\lib\GLFW\glfw3.lib" />
    <Library Include="Linking\lib\GLFW\glfw3dll.lib" />
    <Library Include="Linking\lib\GLFW\glfw3_mt.lib" />
  </ItemGroup>
  <ItemGroup>
    <None Include="glfw3.dll" />
    <None Include="src\Renderer\shader.frag" />
    <None Include="src\Renderer\shader.vert" />
    <None Include="src\Renderer\shader.geom" />
    <None Include="src\Renderer\meshShader.vert" />
    <None Include="src\Renderer\meshShader.geom" />
    <None Include="src\Renderer\meshShader.frag" />
    <None Include="src\Renderer\normals.frag" />
    <None Include="src\Renderer\normals.geom" />
    <None Include="src\Renderer\linesShader.vert" />
    <None Include="src\Renderer\linesShader.geom" />
    <None Include="src\Renderer\linesShader.frag" />
    <None Include="src\Renderer\outlining.frag" />
    <None Include="src\Renderer\outlining.vert" />
    <None Include="src\Renderer\singleColor.vert" />
    <None Include="src\Renderer\singleColor.frag" />
    <None Include="src\Renderer\dilate.frag" />
    <None Include="src\Renderer\quad.vert" />
    <None Include="src\Renderer\blit.frag" />
    <None Include="src\Renderer\pointsShader.vert" />
    <None Include="src\Renderer\pointsShader.frag" />
    <None Include="src\Renderer\fragColTest.frag" />
    <None Include="src\Callbacks\ApplyTransformationMatrix.CallBack.h" />
    <None Include="src\Renderer\normals.vert" />
  </ItemGroup>
</Project>